
Microsoft Visual Studio Solution File, Format Version 12.00
# Visual Studio Version 16
VisualStudioVersion = 16.0.33529.622
MinimumVisualStudioVersion = 10.0.40219.1
Project("{FAE04EC0-301F-11D3-BF4B-00C04F79EFBC}") = "PuzzleMaster", "PuzzleMaster\PuzzleMaster.csproj", "{31DB4BAA-09F4-4910-9128-95C740BDCD19}"
EndProject
Global
	GlobalSection(SolutionConfigurationPlatforms) = preSolution
		Debug|Any CPU = Debug|Any CPU
		Release|Any CPU = Release|Any CPU
	EndGlobalSection
	GlobalSection(ProjectConfigurationPlatforms) = postSolution
		{31DB4BAA-09F4-4910-9128-95C740BDCD19}.Debug|Any CPU.ActiveCfg = Debug|Any CPU
		{31DB4BAA-09F4-4910-9128-95C740BDCD19}.Debug|Any CPU.Build.0 = Debug|Any CPU
		{31DB4BAA-09F4-4910-9128-95C740BDCD19}.Release|Any CPU.ActiveCfg = Release|Any CPU
		{31DB4BAA-09F4-4910-9128-95C740BDCD19}.Release|Any CPU.Build.0 = Release|Any CPU
	EndGlobalSection
	GlobalSection(SolutionProperties) = preSolution
		HideSolutionNode = FALSE
	EndGlobalSection
	GlobalSection(ExtensibilityGlobals) = postSolution
		SolutionGuid = {E7D2B296-AEB9-4561-B95A-52BD9C693130}
	EndGlobalSection
EndGlobal
